<?xml version="1.0" encoding="UTF-8" standalone="yes" ?>
<CodeBlocks_project_file>
	<FileVersion major="1" minor="6" />
	<Project>
		<Option title="stormbreaker" />
		<Option pch_mode="2" />
		<Option compiler="gcc" />
		<Build>
			<Target title="Debug">
				<Option output="./Debug/stormbreaker" prefix_auto="1" extension_auto="1" />
				<Option object_output="obj/Debug/" />
				<Option type="1" />
				<Option compiler="gcc" />
				<Option parameters="~/src/ppe-prediction/models/faster-rcnn/frozen-model/saved_model" />
				<Compiler>
					<Add option="-march=corei7" />
					<Add option="-std=c++14" />
					<Add directory="include" />
					<Add directory="/usr/local/include/google/tensorflow" />
					<Add directory="/usr/local/include/eigen3" />
					<Add directory="/usr/local/cuda/include" />
				</Compiler>
				<Linker>
					<Add option="-lopencv_core -lopencv_highgui -lopencv_imgcodecs -lopencv_imgproc -lopencv_video -lopencv_videoio" />
					<Add option="-ltensorflow_framework -ltensorflow_cc" />
					<Add option="-lcublas -lcufft -lcurand -lcusolver" />
					<Add directory="/usr/local/cuda/lib64" />
				</Linker>
			</Target>
		</Build>
		<Compiler>
			<Add option="-Wall" />
			<Add option="-fexceptions" />
		</Compiler>
		<Unit filename="include/caffe_mk.h" />
		<Unit filename="include/mj.h" />
		<Unit filename="include/node.h" />
		<Unit filename="include/tensor_mk.hpp" />
		<Unit filename="main.cpp" />
		<Unit filename="src/caffe_mk.cpp" />
		<Unit filename="src/mj.cpp" />
		<Unit filename="src/node.cpp" />
		<Unit filename="src/tensor_mk.cpp" />
		<Extensions>
			<code_completion />
			<envvars />
			<debugger />
			<lib_finder disable_auto="1" />
		</Extensions>
	</Project>
</CodeBlocks_project_file>
